{
    "name": "phonebook-monorepo",
    "version": "1.0.0",
    "lockfileVersion": 2,
    "requires": true,
    "packages": {
        "": {
            "name": "phonebook-monorepo",
            "version": "1.0.0",
            "license": "ISC"
        },
        "workspace-a": {
            "version": "1.0.0",
            "extraneous": true,
            "license": "ISC",
            "dependencies": {
                "@prisma/client": "^3.7.0"
            }
        }
    }
}
